
Microsoft Visual Studio Solution File, Format Version 12.00
# Visual Studio Version 17
VisualStudioVersion = 17.9.34902.65
MinimumVisualStudioVersion = 10.0.40219.1
Project("{13B669BE-BB05-4DDF-9536-439F39A36129}") = "Samurai Extension", "Samurai Extension.phpproj", "{533EBA99-0FFC-4729-A857-634A607766A6}"
EndProject
Global
	GlobalSection(SolutionConfigurationPlatforms) = preSolution
		Debug|Any CPU = Debug|Any CPU
		Release|Any CPU = Release|Any CPU
	EndGlobalSection
	GlobalSection(ProjectConfigurationPlatforms) = postSolution
		{533EBA99-0FFC-4729-A857-634A607766A6}.Debug|Any CPU.ActiveCfg = Debug|Any CPU
		{533EBA99-0FFC-4729-A857-634A607766A6}.Debug|Any CPU.Build.0 = Debug|Any CPU
		{533EBA99-0FFC-4729-A857-634A607766A6}.Release|Any CPU.ActiveCfg = Release|Any CPU
		{533EBA99-0FFC-4729-A857-634A607766A6}.Release|Any CPU.Build.0 = Release|Any CPU
	EndGlobalSection
	GlobalSection(SolutionProperties) = preSolution
		HideSolutionNode = FALSE
	EndGlobalSection
	GlobalSection(ExtensibilityGlobals) = postSolution
		SolutionGuid = {543845CA-4A80-4197-B0D7-2185F4073AFA}
	EndGlobalSection
EndGlobal
